
Microsoft Visual Studio Solution File, Format Version 12.00
# Visual Studio Version 17
VisualStudioVersion = 17.6.33815.320
MinimumVisualStudioVersion = 10.0.40219.1
Project("{8BC9CEB8-8B4A-11D0-8D11-00A0C91BC942}") = "ANS_Algo", "ANS_Algo\ANS_Algo.vcxproj", "{762DD9C8-C0AC-41D6-9BB0-7E57628EF502}"
EndProject
Global
	GlobalSection(SolutionConfigurationPlatforms) = preSolution
		Debug|x64 = Debug|x64
		Debug|x86 = Debug|x86
		Release|x64 = Release|x64
		Release|x86 = Release|x86
	EndGlobalSection
	GlobalSection(ProjectConfigurationPlatforms) = postSolution
		{762DD9C8-C0AC-41D6-9BB0-7E57628EF502}.Debug|x64.ActiveCfg = Debug|x64
		{762DD9C8-C0AC-41D6-9BB0-7E57628EF502}.Debug|x64.Build.0 = Debug|x64
		{762DD9C8-C0AC-41D6-9BB0-7E57628EF502}.Debug|x86.ActiveCfg = Debug|Win32
		{762DD9C8-C0AC-41D6-9BB0-7E57628EF502}.Debug|x86.Build.0 = Debug|Win32
		{762DD9C8-C0AC-41D6-9BB0-7E57628EF502}.Release|x64.ActiveCfg = Release|x64
		{762DD9C8-C0AC-41D6-9BB0-7E57628EF502}.Release|x64.Build.0 = Release|x64
		{762DD9C8-C0AC-41D6-9BB0-7E57628EF502}.Release|x86.ActiveCfg = Release|Win32
		{762DD9C8-C0AC-41D6-9BB0-7E57628EF502}.Release|x86.Build.0 = Release|Win32
	EndGlobalSection
	GlobalSection(SolutionProperties) = preSolution
		HideSolutionNode = FALSE
	EndGlobalSection
	GlobalSection(ExtensibilityGlobals) = postSolution
		SolutionGuid = {D0120E74-D042-4EDA-8642-8BCD4E0E7A24}
	EndGlobalSection
EndGlobal
